// !$*UTF8*$!
{
	archiveVersion = 1;
	classes = {
	};
	objectVersion = 51;
	objects = {

/* Begin PBXBuildFile section */
		BE8F915F26491C13004FD15C /* AppDelegate.swift in Sources */ = {isa = PBXBuildFile; fileRef = BE8F915E26491C13004FD15C /* AppDelegate.swift */; };
		BE8F916126491C13004FD15C /* SceneDelegate.swift in Sources */ = {isa = PBXBuildFile; fileRef = BE8F916026491C13004FD15C /* SceneDelegate.swift */; };
		BE8F916326491C13004FD15C /* ViewController.swift in Sources */ = {isa = PBXBuildFile; fileRef = BE8F916226491C13004FD15C /* ViewController.swift */; };
		BE8F916626491C13004FD15C /* Main.storyboard in Resources */ = {isa = PBXBuildFile; fileRef = BE8F916426491C13004FD15C /* Main.storyboard */; };
		BE8F916826491C16004FD15C /* Assets.xcassets in Resources */ = {isa = PBXBuildFile; fileRef = BE8F916726491C16004FD15C /* Assets.xcassets */; };
		BE8F916B26491C16004FD15C /* LaunchScreen.storyboard in Resources */ = {isa = PBXBuildFile; fileRef = BE8F916926491C16004FD15C /* LaunchScreen.storyboard */; };
		BEEFE3C0264921DC006A9FB5 /* CustomCell.swift in Sources */ = {isa = PBXBuildFile; fileRef = BEEFE3BF264921DC006A9FB5 /* CustomCell.swift */; };
		BEEFE3C22649242D006A9FB5 /* GettingDataFromApi.swift in Sources */ = {isa = PBXBuildFile; fileRef = BEEFE3C12649242D006A9FB5 /* GettingDataFromApi.swift */; };
		BEEFE3C426492ADC006A9FB5 /* DescriptionViewController.swift in Sources */ = {isa = PBXBuildFile; fileRef = BEEFE3C326492ADC006A9FB5 /* DescriptionViewController.swift */; };
		C6CAB093623FC3A9866EC517 /* Pods_Practice_with_API.framework in Frameworks */ = {isa = PBXBuildFile; fileRef = 620A11D6BDB08BABB11DA82F /* Pods_Practice_with_API.framework */; };
/* End PBXBuildFile section */

/* Begin PBXFileReference section */
		620A11D6BDB08BABB11DA82F /* Pods_Practice_with_API.framework */ = {isa = PBXFileReference; explicitFileType = wrapper.framework; includeInIndex = 0; path = Pods_Practice_with_API.framework; sourceTree = BUILT_PRODUCTS_DIR; };
		76CAE22EBA0F858FA1649AF1 /* Pods-Practice with API.release.xcconfig */ = {isa = PBXFileReference; includeInIndex = 1; lastKnownFileType = text.xcconfig; name = "Pods-Practice with API.release.xcconfig"; path = "Target Support Files/Pods-Practice with API/Pods-Practice with API.release.xcconfig"; sourceTree = "<group>"; };
		BE8F915B26491C13004FD15C /* Practice with API.app */ = {isa = PBXFileReference; explicitFileType = wrapper.application; includeInIndex = 0; path = "Practice with API.app"; sourceTree = BUILT_PRODUCTS_DIR; };
		BE8F915E26491C13004FD15C /* AppDelegate.swift */ = {isa = PBXFileReference; lastKnownFileType = sourcecode.swift; path = AppDelegate.swift; sourceTree = "<group>"; };
		BE8F916026491C13004FD15C /* SceneDelegate.swift */ = {isa = PBXFileReference; lastKnownFileType = sourcecode.swift; path = SceneDelegate.swift; sourceTree = "<group>"; };
		BE8F916226491C13004FD15C /* ViewController.swift */ = {isa = PBXFileReference; lastKnownFileType = sourcecode.swift; path = ViewController.swift; sourceTree = "<group>"; };
		BE8F916526491C13004FD15C /* Base */ = {isa = PBXFileReference; lastKnownFileType = file.storyboard; name = Base; path = Base.lproj/Main.storyboard; sourceTree = "<group>"; };
		BE8F916726491C16004FD15C /* Assets.xcassets */ = {isa = PBXFileReference; lastKnownFileType = folder.assetcatalog; path = Assets.xcassets; sourceTree = "<group>"; };
		BE8F916A26491C16004FD15C /* Base */ = {isa = PBXFileReference; lastKnownFileType = file.storyboard; name = Base; path = Base.lproj/LaunchScreen.storyboard; sourceTree = "<group>"; };
		BE8F916C26491C16004FD15C /* Info.plist */ = {isa = PBXFileReference; lastKnownFileType = text.plist.xml; path = Info.plist; sourceTree = "<group>"; };
		BEEFE3BF264921DC006A9FB5 /* CustomCell.swift */ = {isa = PBXFileReference; lastKnownFileType = sourcecode.swift; path = CustomCell.swift; sourceTree = "<group>"; };
		BEEFE3C12649242D006A9FB5 /* GettingDataFromApi.swift */ = {isa = PBXFileReference; lastKnownFileType = sourcecode.swift; path = GettingDataFromApi.swift; sourceTree = "<group>"; };
		BEEFE3C326492ADC006A9FB5 /* DescriptionViewController.swift */ = {isa = PBXFileReference; lastKnownFileType = sourcecode.swift; path = DescriptionViewController.swift; sourceTree = "<group>"; };
		D1AC474752BF9F207C10EE5F /* Pods-Practice with API.debug.xcconfig */ = {isa = PBXFileReference; includeInIndex = 1; lastKnownFileType = text.xcconfig; name = "Pods-Practice with API.debug.xcconfig"; path = "Target Support Files/Pods-Practice with API/Pods-Practice with API.debug.xcconfig"; sourceTree = "<group>"; };
/* End PBXFileReference section */

/* Begin PBXFrameworksBuildPhase section */
		BE8F915826491C13004FD15C /* Frameworks */ = {
			isa = PBXFrameworksBuildPhase;
			buildActionMask = 2147483647;
			files = (
				C6CAB093623FC3A9866EC517 /* Pods_Practice_with_API.framework in Frameworks */,
			);
			runOnlyForDeploymentPostprocessing = 0;
		};
/* End PBXFrameworksBuildPhase section */

/* Begin PBXGroup section */
		4FB96137EA1AC706C59F4CB2 /* Frameworks */ = {
			isa = PBXGroup;
			children = (
				620A11D6BDB08BABB11DA82F /* Pods_Practice_with_API.framework */,
			);
			name = Frameworks;
			sourceTree = "<group>";
		};
		B44DCBC2DCBF1462135B0B91 /* Pods */ = {
			isa = PBXGroup;
			children = (
				D1AC474752BF9F207C10EE5F /* Pods-Practice with API.debug.xcconfig */,
				76CAE22EBA0F858FA1649AF1 /* Pods-Practice with API.release.xcconfig */,
			);
			path = Pods;
			sourceTree = "<group>";
		};
		BE8F915226491C13004FD15C = {
			isa = PBXGroup;
			children = (
				BE8F915D26491C13004FD15C /* Practice with API */,
				BE8F915C26491C13004FD15C /* Products */,
				B44DCBC2DCBF1462135B0B91 /* Pods */,
				4FB96137EA1AC706C59F4CB2 /* Frameworks */,
			);
			sourceTree = "<group>";
		};
		BE8F915C26491C13004FD15C /* Products */ = {
			isa = PBXGroup;
			children = (
				BE8F915B26491C13004FD15C /* Practice with API.app */,
			);
			name = Products;
			sourceTree = "<group>";
		};
		BE8F915D26491C13004FD15C /* Practice with API */ = {
			isa = PBXGroup;
			children = (
				BE8F915E26491C13004FD15C /* AppDelegate.swift */,
				BE8F916026491C13004FD15C /* SceneDelegate.swift */,
				BE8F916226491C13004FD15C /* ViewController.swift */,
				BEEFE3C326492ADC006A9FB5 /* DescriptionViewController.swift */,
				BEEFE3BF264921DC006A9FB5 /* CustomCell.swift */,
				BE8F916426491C13004FD15C /* Main.storyboard */,
				BE8F916726491C16004FD15C /* Assets.xcassets */,
				BE8F916926491C16004FD15C /* LaunchScreen.storyboard */,
				BE8F916C26491C16004FD15C /* Info.plist */,
				BEEFE3C12649242D006A9FB5 /* GettingDataFromApi.swift */,
			);
			path = "Practice with API";
			sourceTree = "<group>";
		};
/* End PBXGroup section */

/* Begin PBXNativeTarget section */
		BE8F915A26491C13004FD15C /* Practice with API */ = {
			isa = PBXNativeTarget;
			buildConfigurationList = BE8F916F26491C16004FD15C /* Build configuration list for PBXNativeTarget "Practice with API" */;
			buildPhases = (
				24E1FF69909C3828B32496F4 /* [CP] Check Pods Manifest.lock */,
				BE8F915726491C13004FD15C /* Sources */,
				BE8F915826491C13004FD15C /* Frameworks */,
				BE8F915926491C13004FD15C /* Resources */,
				4481686E10E9F21DD424F794 /* [CP] Embed Pods Frameworks */,
			);
			buildRules = (
			);
			dependencies = (
			);
			name = "Practice with API";
			productName = "Practice with API";
			productReference = BE8F915B26491C13004FD15C /* Practice with API.app */;
			productType = "com.apple.product-type.application";
		};
/* End PBXNativeTarget section */

/* Begin PBXProject section */
		BE8F915326491C13004FD15C /* Project object */ = {
			isa = PBXProject;
			attributes = {
				LastSwiftUpdateCheck = 1250;
				LastUpgradeCheck = 1250;
				TargetAttributes = {
					BE8F915A26491C13004FD15C = {
						CreatedOnToolsVersion = 12.5;
					};
				};
			};
			buildConfigurationList = BE8F915626491C13004FD15C /* Build configuration list for PBXProject "Practice with API" */;
			compatibilityVersion = "Xcode 9.3";
			developmentRegion = en;
			hasScannedForEncodings = 0;
			knownRegions = (
				en,
				Base,
			);
			mainGroup = BE8F915226491C13004FD15C;
			productRefGroup = BE8F915C26491C13004FD15C /* Products */;
			projectDirPath = "";
			projectRoot = "";
			targets = (
				BE8F915A26491C13004FD15C /* Practice with API */,
			);
		};
/* End PBXProject section */

/* Begin PBXResourcesBuildPhase section */
		BE8F915926491C13004FD15C /* Resources */ = {
			isa = PBXResourcesBuildPhase;
			buildActionMask = 2147483647;
			files = (
				BE8F916B26491C16004FD15C /* LaunchScreen.storyboard in Resources */,
				BE8F916826491C16004FD15C /* Assets.xcassets in Resources */,
				BE8F916626491C13004FD15C /* Main.storyboard in Resources */,
			);
			runOnlyForDeploymentPostprocessing = 0;
		};
/* End PBXResourcesBuildPhase section */

/* Begin PBXShellScriptBuildPhase section */
		24E1FF69909C3828B32496F4 /* [CP] Check Pods Manifest.lock */ = {
			isa = PBXShellScriptBuildPhase;
			buildActionMask = 2147483647;
			files = (
			);
			inputFileListPaths = (
			);
			inputPaths = (
				"${PODS_PODFILE_DIR_PATH}/Podfile.lock",
				"${PODS_ROOT}/Manifest.lock",
			);
			name = "[CP] Check Pods Manifest.lock";
			outputFileListPaths = (
			);
			outputPaths = (
				"$(DERIVED_FILE_DIR)/Pods-Practice with API-checkManifestLockResult.txt",
			);
			runOnlyForDeploymentPostprocessing = 0;
			shellPath = /bin/sh;
			shellScript = "diff \"${PODS_PODFILE_DIR_PATH}/Podfile.lock\" \"${PODS_ROOT}/Manifest.lock\" > /dev/null\nif [ $? != 0 ] ; then\n    # print error to STDERR\n    echo \"error: The sandbox is not in sync with the Podfile.lock. Run 'pod install' or update your CocoaPods installation.\" >&2\n    exit 1\nfi\n# This output is used by Xcode 'outputs' to avoid re-running this script phase.\necho \"SUCCESS\" > \"${SCRIPT_OUTPUT_FILE_0}\"\n";
			showEnvVarsInLog = 0;
		};
		4481686E10E9F21DD424F794 /* [CP] Embed Pods Frameworks */ = {
			isa = PBXShellScriptBuildPhase;
			buildActionMask = 2147483647;
			files = (
			);
			inputFileListPaths = (
				"${PODS_ROOT}/Target Support Files/Pods-Practice with API/Pods-Practice with API-frameworks-${CONFIGURATION}-input-files.xcfilelist",
			);
			name = "[CP] Embed Pods Frameworks";
			outputFileListPaths = (
				"${PODS_ROOT}/Target Support Files/Pods-Practice with API/Pods-Practice with API-frameworks-${CONFIGURATION}-output-files.xcfilelist",
			);
			runOnlyForDeploymentPostprocessing = 0;
			shellPath = /bin/sh;
			shellScript = "\"${PODS_ROOT}/Target Support Files/Pods-Practice with API/Pods-Practice with API-frameworks.sh\"\n";
			showEnvVarsInLog = 0;
		};
/* End PBXShellScriptBuildPhase section */

/* Begin PBXSourcesBuildPhase section */
		BE8F915726491C13004FD15C /* Sources */ = {
			isa = PBXSourcesBuildPhase;
			buildActionMask = 2147483647;
			files = (
				BE8F916326491C13004FD15C /* ViewController.swift in Sources */,
				BE8F915F26491C13004FD15C /* AppDelegate.swift in Sources */,
				BEEFE3C0264921DC006A9FB5 /* CustomCell.swift in Sources */,
				BEEFE3C426492ADC006A9FB5 /* DescriptionViewController.swift in Sources */,
				BE8F916126491C13004FD15C /* SceneDelegate.swift in Sources */,
				BEEFE3C22649242D006A9FB5 /* GettingDataFromApi.swift in Sources */,
			);
			runOnlyForDeploymentPostprocessing = 0;
		};
/* End PBXSourcesBuildPhase section */

/* Begin PBXVariantGroup section */
		BE8F916426491C13004FD15C /* Main.storyboard */ = {
			isa = PBXVariantGroup;
			children = (
				BE8F916526491C13004FD15C /* Base */,
			);
			name = Main.storyboard;
			sourceTree = "<group>";
		};
		BE8F916926491C16004FD15C /* LaunchScreen.storyboard */ = {
			isa = PBXVariantGroup;
			children = (
				BE8F916A26491C16004FD15C /* Base */,
			);
			name = LaunchScreen.storyboard;
			sourceTree = "<group>";
		};
/* End PBXVariantGroup section */

/* Begin XCBuildConfiguration section */
		BE8F916D26491C16004FD15C /* Debug */ = {
			isa = XCBuildConfiguration;
			buildSettings = {
				ALWAYS_SEARCH_USER_PATHS = NO;
				CLANG_ANALYZER_NONNULL = YES;
				CLANG_ANALYZER_NUMBER_OBJECT_CONVERSION = YES_AGGRESSIVE;
				CLANG_CXX_LANGUAGE_STANDARD = "gnu++14";
				CLANG_CXX_LIBRARY = "libc++";
				CLANG_ENABLE_MODULES = YES;
				CLANG_ENABLE_OBJC_ARC = YES;
				CLANG_ENABLE_OBJC_WEAK = YES;
				CLANG_WARN_BLOCK_CAPTURE_AUTORELEASING = YES;
				CLANG_WARN_BOOL_CONVERSION = YES;
				CLANG_WARN_COMMA = YES;
				CLANG_WARN_CONSTANT_CONVERSION = YES;
				CLANG_WARN_DEPRECATED_OBJC_IMPLEMENTATIONS = YES;
				CLANG_WARN_DIRECT_OBJC_ISA_USAGE = YES_ERROR;
				CLANG_WARN_DOCUMENTATION_COMMENTS = YES;
				CLANG_WARN_EMPTY_BODY = YES;
				CLANG_WARN_ENUM_CONVERSION = YES;
				CLANG_WARN_INFINITE_RECURSION = YES;
				CLANG_WARN_INT_CONVERSION = YES;
				CLANG_WARN_NON_LITERAL_NULL_CONVERSION = YES;
				CLANG_WARN_OBJC_IMPLICIT_RETAIN_SELF = YES;
				CLANG_WARN_OBJC_LITERAL_CONVERSION = YES;
				CLANG_WARN_OBJC_ROOT_CLASS = YES_ERROR;
				CLANG_WARN_QUOTED_INCLUDE_IN_FRAMEWORK_HEADER = YES;
				CLANG_WARN_RANGE_LOOP_ANALYSIS = YES;
				CLANG_WARN_STRICT_PROTOTYPES = YES;
				CLANG_WARN_SUSPICIOUS_MOVE = YES;
				CLANG_WARN_UNGUARDED_AVAILABILITY = YES_AGGRESSIVE;
				CLANG_WARN_UNREACHABLE_CODE = YES;
				CLANG_WARN__DUPLICATE_METHOD_MATCH = YES;
				COPY_PHASE_STRIP = NO;
				DEBUG_INFORMATION_FORMAT = dwarf;
				ENABLE_STRICT_OBJC_MSGSEND = YES;
				ENABLE_TESTABILITY = YES;
				GCC_C_LANGUAGE_STANDARD = gnu11;
				GCC_DYNAMIC_NO_PIC = NO;
				GCC_NO_COMMON_BLOCKS = YES;
				GCC_OPTIMIZATION_LEVEL = 0;
				GCC_PREPROCESSOR_DEFINITIONS = (
					"DEBUG=1",
					"$(inherited)",
				);
				GCC_WARN_64_TO_32_BIT_CONVERSION = YES;
				GCC_WARN_ABOUT_RETURN_TYPE = YES_ERROR;
				GCC_WARN_UNDECLARED_SELECTOR = YES;
				GCC_WARN_UNINITIALIZED_AUTOS = YES_AGGRESSIVE;
				GCC_WARN_UNUSED_FUNCTION = YES;
				GCC_WARN_UNUSED_VARIABLE = YES;
				IPHONEOS_DEPLOYMENT_TARGET = 14.5;
				MTL_ENABLE_DEBUG_INFO = INCLUDE_SOURCE;
				MTL_FAST_MATH = YES;
				ONLY_ACTIVE_ARCH = YES;
				SDKROOT = iphoneos;
				SWIFT_ACTIVE_COMPILATION_CONDITIONS = DEBUG;
				SWIFT_OPTIMIZATION_LEVEL = "-Onone";
			};
			name = Debug;
		};
		BE8F916E26491C16004FD15C /* Release */ = {
			isa = XCBuildConfiguration;
			buildSettings = {
				ALWAYS_SEARCH_USER_PATHS = NO;
				CLANG_ANALYZER_NONNULL = YES;
				CLANG_ANALYZER_NUMBER_OBJECT_CONVERSION = YES_AGGRESSIVE;
				CLANG_CXX_LANGUAGE_STANDARD = "gnu++14";
				CLANG_CXX_LIBRARY = "libc++";
				CLANG_ENABLE_MODULES = YES;
				CLANG_ENABLE_OBJC_ARC = YES;
				CLANG_ENABLE_OBJC_WEAK = YES;
				CLANG_WARN_BLOCK_CAPTURE_AUTORELEASING = YES;
				CLANG_WARN_BOOL_CONVERSION = YES;
				CLANG_WARN_COMMA = YES;
				CLANG_WARN_CONSTANT_CONVERSION = YES;
				CLANG_WARN_DEPRECATED_OBJC_IMPLEMENTATIONS = YES;
				CLANG_WARN_DIRECT_OBJC_ISA_USAGE = YES_ERROR;
				CLANG_WARN_DOCUMENTATION_COMMENTS = YES;
				CLANG_WARN_EMPTY_BODY = YES;
				CLANG_WARN_ENUM_CONVERSION = YES;
				CLANG_WARN_INFINITE_RECURSION = YES;
				CLANG_WARN_INT_CONVERSION = YES;
				CLANG_WARN_NON_LITERAL_NULL_CONVERSION = YES;
				CLANG_WARN_OBJC_IMPLICIT_RETAIN_SELF = YES;
				CLANG_WARN_OBJC_LITERAL_CONVERSION = YES;
				CLANG_WARN_OBJC_ROOT_CLASS = YES_ERROR;
				CLANG_WARN_QUOTED_INCLUDE_IN_FRAMEWORK_HEADER = YES;
				CLANG_WARN_RANGE_LOOP_ANALYSIS = YES;
				CLANG_WARN_STRICT_PROTOTYPES = YES;
				CLANG_WARN_SUSPICIOUS_MOVE = YES;
				CLANG_WARN_UNGUARDED_AVAILABILITY = YES_AGGRESSIVE;
				CLANG_WARN_UNREACHABLE_CODE = YES;
				CLANG_WARN__DUPLICATE_METHOD_MATCH = YES;
				COPY_PHASE_STRIP = NO;
				DEBUG_INFORMATION_FORMAT = "dwarf-with-dsym";
				ENABLE_NS_ASSERTIONS = NO;
				ENABLE_STRICT_OBJC_MSGSEND = YES;
				GCC_C_LANGUAGE_STANDARD = gnu11;
				GCC_NO_COMMON_BLOCKS = YES;
				GCC_WARN_64_TO_32_BIT_CONVERSION = YES;
				GCC_WARN_ABOUT_RETURN_TYPE = YES_ERROR;
				GCC_WARN_UNDECLARED_SELECTOR = YES;
				GCC_WARN_UNINITIALIZED_AUTOS = YES_AGGRESSIVE;
				GCC_WARN_UNUSED_FUNCTION = YES;
				GCC_WARN_UNUSED_VARIABLE = YES;
				IPHONEOS_DEPLOYMENT_TARGET = 14.5;
				MTL_ENABLE_DEBUG_INFO = NO;
				MTL_FAST_MATH = YES;
				SDKROOT = iphoneos;
				SWIFT_COMPILATION_MODE = wholemodule;
				SWIFT_OPTIMIZATION_LEVEL = "-O";
				VALIDATE_PRODUCT = YES;
			};
			name = Release;
		};
		BE8F917026491C16004FD15C /* Debug */ = {
			isa = XCBuildConfiguration;
			baseConfigurationReference = D1AC474752BF9F207C10EE5F /* Pods-Practice with API.debug.xcconfig */;
			buildSettings = {
				ASSETCATALOG_COMPILER_APPICON_NAME = AppIcon;
				ASSETCATALOG_COMPILER_GLOBAL_ACCENT_COLOR_NAME = AccentColor;
				CODE_SIGN_STYLE = Automatic;
				DEVELOPMENT_TEAM = H5W6DUL8QB;
				INFOPLIST_FILE = "Practice with API/Info.plist";
				LD_RUNPATH_SEARCH_PATHS = (
					"$(inherited)",
					"@executable_path/Frameworks",
				);
				PRODUCT_BUNDLE_IDENTIFIER = "Vinyar-project.Practice-with-API";
				PRODUCT_NAME = "$(TARGET_NAME)";
				SWIFT_VERSION = 5.0;
				TARGETED_DEVICE_FAMILY = "1,2";
			};
			name = Debug;
		};
		BE8F917126491C16004FD15C /* Release */ = {
			isa = XCBuildConfiguration;
			baseConfigurationReference = 76CAE22EBA0F858FA1649AF1 /* Pods-Practice with API.release.xcconfig */;
			buildSettings = {
				ASSETCATALOG_COMPILER_APPICON_NAME = AppIcon;
				ASSETCATALOG_COMPILER_GLOBAL_ACCENT_COLOR_NAME = AccentColor;
				CODE_SIGN_STYLE = Automatic;
				DEVELOPMENT_TEAM = H5W6DUL8QB;
				INFOPLIST_FILE = "Practice with API/Info.plist";
				LD_RUNPATH_SEARCH_PATHS = (
					"$(inherited)",
					"@executable_path/Frameworks",
				);
				PRODUCT_BUNDLE_IDENTIFIER = "Vinyar-project.Practice-with-API";
				PRODUCT_NAME = "$(TARGET_NAME)";
				SWIFT_VERSION = 5.0;
				TARGETED_DEVICE_FAMILY = "1,2";
			};
			name = Release;
		};
/* End XCBuildConfiguration section */

/* Begin XCConfigurationList section */
		BE8F915626491C13004FD15C /* Build configuration list for PBXProject "Practice with API" */ = {
			isa = XCConfigurationList;
			buildConfigurations = (
				BE8F916D26491C16004FD15C /* Debug */,
				BE8F916E26491C16004FD15C /* Release */,
			);
			defaultConfigurationIsVisible = 0;
			defaultConfigurationName = Release;
		};
		BE8F916F26491C16004FD15C /* Build configuration list for PBXNativeTarget "Practice with API" */ = {
			isa = XCConfigurationList;
			buildConfigurations = (
				BE8F917026491C16004FD15C /* Debug */,
				BE8F917126491C16004FD15C /* Release */,
			);
			defaultConfigurationIsVisible = 0;
			defaultConfigurationName = Release;
		};
/* End XCConfigurationList section */
	};
	rootObject = BE8F915326491C13004FD15C /* Project object */;
}
